{
  "name": "test-prototype",
  "version": "1.0.0",
  "lockfileVersion": 1,
  "requires": true,
  "dependencies": {
    "acorn": {
      "version": "5.7.4",
      "resolved": "https://registry.npmjs.org/acorn/-/acorn-5.7.4.tgz",
      "integrity": "sha512-1D++VG7BhrtvQpNbBzovKNc1FLGGEE/oGe7b9xJm/RFHMBeUaUGpluV9RLjZa47YFdPcDAenEYuq9pQPcMdLJg=="
    },
    "brain.js": {
      "version": "2.0.0-beta.15",
      "resolved": "https://registry.npmjs.org/brain.js/-/brain.js-2.0.0-beta.15.tgz",
      "integrity": "sha512-iN3boP3ZqvN1/WeoRY4wIV5bLX8CEUbKAkDQcjt7t5Qcea6yjCkTQgJ5TzkpBVdsyzRL6Lj1E7TO+/5STzvCKg==",
      "requires": {
        "thaw.js": "^2.1.4"
      }
    },
    "gpu.js": {
      "version": "1.4.12",
      "resolved": "https://registry.npmjs.org/gpu.js/-/gpu.js-1.4.12.tgz",
      "integrity": "sha512-q9QejiBfidopWQ5UdacM/9wgdUdteD1w5p3/PkgEuUAKtVzmp5NbDUdCHSxTuXJc5KSU0grWe6iqu07xUL4YHA==",
      "requires": {
        "acorn": "^5.1.1"
      }
    },
    "thaw.js": {
      "version": "2.1.4",
      "resolved": "https://registry.npmjs.org/thaw.js/-/thaw.js-2.1.4.tgz",
      "integrity": "sha512-si9DSzEzOBUpbE41wE4Q6NXzXDYZfrniYocrduNtNDwLWj1Auueq8UzgePMQa5gfcQtVCG2OmlCTaHldtno3Vw=="
    }
  }
}
